
Microsoft Visual Studio Solution File, Format Version 10.00
# Visual Studio 2008
Project("{FAE04EC0-301F-11D3-BF4B-00C04F79EFBC}") = "Fusion", "Fusion\Fusion.csproj", "{6B8D945B-CC70-445D-A2D9-937F73A000AB}"
EndProject
Global
	GlobalSection(SolutionConfigurationPlatforms) = preSolution
		Debug|Any CPU = Debug|Any CPU
		Release|Any CPU = Release|Any CPU
	EndGlobalSection
	GlobalSection(ProjectConfigurationPlatforms) = postSolution
		{6B8D945B-CC70-445D-A2D9-937F73A000AB}.Debug|Any CPU.ActiveCfg = Debug|Any CPU
		{6B8D945B-CC70-445D-A2D9-937F73A000AB}.Debug|Any CPU.Build.0 = Debug|Any CPU
		{6B8D945B-CC70-445D-A2D9-937F73A000AB}.Release|Any CPU.ActiveCfg = Release|Any CPU
		{6B8D945B-CC70-445D-A2D9-937F73A000AB}.Release|Any CPU.Build.0 = Release|Any CPU
	EndGlobalSection
	GlobalSection(SolutionProperties) = preSolution
		HideSolutionNode = FALSE
	EndGlobalSection
EndGlobal
